schema: '2.0'
stages:
  data_ingestion:
    cmd: python src/data/data_ingestion.py
    deps:
    - path: src/data/data_ingestion.py
      hash: md5
      md5: b24963507dd820a784c5dcb05917a2d1
      size: 3303
    params:
      params.yaml:
        data_ingestion.test_size: 0.2
    outs:
    - path: data/raw
      hash: md5
      md5: fb326d2eec197669f9638afde28356bf.dir
      size: 827973
      nfiles: 2
  data_preprocessing:
    cmd: python src/data/data_preprocessing.py
    deps:
    - path: data/raw
      hash: md5
      md5: fb326d2eec197669f9638afde28356bf.dir
      size: 827973
      nfiles: 2
    - path: src/data/data_ingestion.py
      hash: md5
      md5: b24963507dd820a784c5dcb05917a2d1
      size: 3303
    outs:
    - path: data/interim
      hash: md5
      md5: eb7147f691171b463f43f36f566f49b5.dir
      size: 622138
      nfiles: 2
  feature_engineering:
    cmd: python src/features/feature_engineering.py
    deps:
    - path: data/interim
      hash: md5
      md5: eb7147f691171b463f43f36f566f49b5.dir
      size: 622138
      nfiles: 2
    - path: src/features/feature_engineering.py
      hash: md5
      md5: c785a5c3ea2546c0b2472f406e778489
      size: 3766
    params:
      params.yaml:
        feature_engineering.max_features: 55
    outs:
    - path: data/processed
      hash: md5
      md5: 3d8ee63093f08773c47d198e4db4dc34.dir
      size: 1172586
      nfiles: 2
  model_building:
    cmd: python src/models/model_building.py
    deps:
    - path: data/processed
      hash: md5
      md5: 3d8ee63093f08773c47d198e4db4dc34.dir
      size: 1172586
      nfiles: 2
    - path: src/models/model_building.py
      hash: md5
      md5: f85f3e5f2295ef5a6b539395836e591e
      size: 3059
    params:
      params.yaml:
        model_building.learning_rate: 0.1
        model_building.n_estimators: 100
    outs:
    - path: models/model.pkl
      hash: md5
      md5: 69d9b8c626d697ae8ccf7e075ecc5444
      size: 136604
  model_evaluation:
    cmd: python src/models/model_evaluation.py
    deps:
    - path: models/model.pkl
      hash: md5
      md5: 69d9b8c626d697ae8ccf7e075ecc5444
      size: 136604
    - path: src/models/model_evaluation.py
      hash: md5
      md5: 9b7625f6f84cda57c2bc9a54d3f0eb60
      size: 3371
    outs:
    - path: reports/metrics.json
      hash: md5
      md5: 0ac2df0fd3615207b3f3a69df3fd139d
      size: 145
